
Microsoft Visual Studio Solution File, Format Version 12.00
Project("{FAE04EC0-301F-11D3-BF4B-00C04F79EFBC}") = "day1part1", "day1part1\day1part1.csproj", "{79A37605-6148-466F-8605-DC90C5FC7DE0}"
EndProject
Global
	GlobalSection(SolutionConfigurationPlatforms) = preSolution
		Debug|Any CPU = Debug|Any CPU
		Release|Any CPU = Release|Any CPU
	EndGlobalSection
	GlobalSection(ProjectConfigurationPlatforms) = postSolution
		{79A37605-6148-466F-8605-DC90C5FC7DE0}.Debug|Any CPU.ActiveCfg = Debug|Any CPU
		{79A37605-6148-466F-8605-DC90C5FC7DE0}.Debug|Any CPU.Build.0 = Debug|Any CPU
		{79A37605-6148-466F-8605-DC90C5FC7DE0}.Release|Any CPU.ActiveCfg = Release|Any CPU
		{79A37605-6148-466F-8605-DC90C5FC7DE0}.Release|Any CPU.Build.0 = Release|Any CPU
	EndGlobalSection
EndGlobal
